// !$*UTF8*$!
{
	archiveVersion = 1;
	classes = {
	};
	objectVersion = 50;
	objects = {

/* Begin PBXBuildFile section */
		F20057C62261969C00BC264F /* AppDelegate.swift in Sources */ = {isa = PBXBuildFile; fileRef = F20057C52261969C00BC264F /* AppDelegate.swift */; };
		F20057C82261969C00BC264F /* ViewController.swift in Sources */ = {isa = PBXBuildFile; fileRef = F20057C72261969C00BC264F /* ViewController.swift */; };
		F20057CB2261969C00BC264F /* Main.storyboard in Resources */ = {isa = PBXBuildFile; fileRef = F20057C92261969C00BC264F /* Main.storyboard */; };
		F20057CD2261969E00BC264F /* Assets.xcassets in Resources */ = {isa = PBXBuildFile; fileRef = F20057CC2261969E00BC264F /* Assets.xcassets */; };
		F20057D02261969E00BC264F /* LaunchScreen.storyboard in Resources */ = {isa = PBXBuildFile; fileRef = F20057CE2261969E00BC264F /* LaunchScreen.storyboard */; };
		F20057DB2261969E00BC264F /* colorTests.swift in Sources */ = {isa = PBXBuildFile; fileRef = F20057DA2261969E00BC264F /* colorTests.swift */; };
		F20057E62261969E00BC264F /* colorUITests.swift in Sources */ = {isa = PBXBuildFile; fileRef = F20057E52261969E00BC264F /* colorUITests.swift */; };
/* End PBXBuildFile section */

/* Begin PBXContainerItemProxy section */
		F20057D72261969E00BC264F /* PBXContainerItemProxy */ = {
			isa = PBXContainerItemProxy;
			containerPortal = F20057BA2261969C00BC264F /* Project object */;
			proxyType = 1;
			remoteGlobalIDString = F20057C12261969C00BC264F;
			remoteInfo = color;
		};
		F20057E22261969E00BC264F /* PBXContainerItemProxy */ = {
			isa = PBXContainerItemProxy;
			containerPortal = F20057BA2261969C00BC264F /* Project object */;
			proxyType = 1;
			remoteGlobalIDString = F20057C12261969C00BC264F;
			remoteInfo = color;
		};
/* End PBXContainerItemProxy section */

/* Begin PBXFileReference section */
		F20057C22261969C00BC264F /* color.app */ = {isa = PBXFileReference; explicitFileType = wrapper.application; includeInIndex = 0; path = color.app; sourceTree = BUILT_PRODUCTS_DIR; };
		F20057C52261969C00BC264F /* AppDelegate.swift */ = {isa = PBXFileReference; lastKnownFileType = sourcecode.swift; path = AppDelegate.swift; sourceTree = "<group>"; };
		F20057C72261969C00BC264F /* ViewController.swift */ = {isa = PBXFileReference; lastKnownFileType = sourcecode.swift; path = ViewController.swift; sourceTree = "<group>"; };
		F20057CA2261969C00BC264F /* Base */ = {isa = PBXFileReference; lastKnownFileType = file.storyboard; name = Base; path = Base.lproj/Main.storyboard; sourceTree = "<group>"; };
		F20057CC2261969E00BC264F /* Assets.xcassets */ = {isa = PBXFileReference; lastKnownFileType = folder.assetcatalog; path = Assets.xcassets; sourceTree = "<group>"; };
		F20057CF2261969E00BC264F /* Base */ = {isa = PBXFileReference; lastKnownFileType = file.storyboard; name = Base; path = Base.lproj/LaunchScreen.storyboard; sourceTree = "<group>"; };
		F20057D12261969E00BC264F /* Info.plist */ = {isa = PBXFileReference; lastKnownFileType = text.plist.xml; path = Info.plist; sourceTree = "<group>"; };
		F20057D62261969E00BC264F /* colorTests.xctest */ = {isa = PBXFileReference; explicitFileType = wrapper.cfbundle; includeInIndex = 0; path = colorTests.xctest; sourceTree = BUILT_PRODUCTS_DIR; };
		F20057DA2261969E00BC264F /* colorTests.swift */ = {isa = PBXFileReference; lastKnownFileType = sourcecode.swift; path = colorTests.swift; sourceTree = "<group>"; };
		F20057DC2261969E00BC264F /* Info.plist */ = {isa = PBXFileReference; lastKnownFileType = text.plist.xml; path = Info.plist; sourceTree = "<group>"; };
		F20057E12261969E00BC264F /* colorUITests.xctest */ = {isa = PBXFileReference; explicitFileType = wrapper.cfbundle; includeInIndex = 0; path = colorUITests.xctest; sourceTree = BUILT_PRODUCTS_DIR; };
		F20057E52261969E00BC264F /* colorUITests.swift */ = {isa = PBXFileReference; lastKnownFileType = sourcecode.swift; path = colorUITests.swift; sourceTree = "<group>"; };
		F20057E72261969E00BC264F /* Info.plist */ = {isa = PBXFileReference; lastKnownFileType = text.plist.xml; path = Info.plist; sourceTree = "<group>"; };
/* End PBXFileReference section */

/* Begin PBXFrameworksBuildPhase section */
		F20057BF2261969C00BC264F /* Frameworks */ = {
			isa = PBXFrameworksBuildPhase;
			buildActionMask = 2147483647;
			files = (
			);
			runOnlyForDeploymentPostprocessing = 0;
		};
		F20057D32261969E00BC264F /* Frameworks */ = {
			isa = PBXFrameworksBuildPhase;
			buildActionMask = 2147483647;
			files = (
			);
			runOnlyForDeploymentPostprocessing = 0;
		};
		F20057DE2261969E00BC264F /* Frameworks */ = {
			isa = PBXFrameworksBuildPhase;
			buildActionMask = 2147483647;
			files = (
			);
			runOnlyForDeploymentPostprocessing = 0;
		};
/* End PBXFrameworksBuildPhase section */

/* Begin PBXGroup section */
		F20057B92261969C00BC264F = {
			isa = PBXGroup;
			children = (
				F20057C42261969C00BC264F /* color */,
				F20057D92261969E00BC264F /* colorTests */,
				F20057E42261969E00BC264F /* colorUITests */,
				F20057C32261969C00BC264F /* Products */,
			);
			sourceTree = "<group>";
		};
		F20057C32261969C00BC264F /* Products */ = {
			isa = PBXGroup;
			children = (
				F20057C22261969C00BC264F /* color.app */,
				F20057D62261969E00BC264F /* colorTests.xctest */,
				F20057E12261969E00BC264F /* colorUITests.xctest */,
			);
			name = Products;
			sourceTree = "<group>";
		};
		F20057C42261969C00BC264F /* color */ = {
			isa = PBXGroup;
			children = (
				F20057C52261969C00BC264F /* AppDelegate.swift */,
				F20057C72261969C00BC264F /* ViewController.swift */,
				F20057C92261969C00BC264F /* Main.storyboard */,
				F20057CC2261969E00BC264F /* Assets.xcassets */,
				F20057CE2261969E00BC264F /* LaunchScreen.storyboard */,
				F20057D12261969E00BC264F /* Info.plist */,
			);
			path = color;
			sourceTree = "<group>";
		};
		F20057D92261969E00BC264F /* colorTests */ = {
			isa = PBXGroup;
			children = (
				F20057DA2261969E00BC264F /* colorTests.swift */,
				F20057DC2261969E00BC264F /* Info.plist */,
			);
			path = colorTests;
			sourceTree = "<group>";
		};
		F20057E42261969E00BC264F /* colorUITests */ = {
			isa = PBXGroup;
			children = (
				F20057E52261969E00BC264F /* colorUITests.swift */,
				F20057E72261969E00BC264F /* Info.plist */,
			);
			path = colorUITests;
			sourceTree = "<group>";
		};
/* End PBXGroup section */

/* Begin PBXNativeTarget section */
		F20057C12261969C00BC264F /* color */ = {
			isa = PBXNativeTarget;
			buildConfigurationList = F20057EA2261969E00BC264F /* Build configuration list for PBXNativeTarget "color" */;
			buildPhases = (
				F20057BE2261969C00BC264F /* Sources */,
				F20057BF2261969C00BC264F /* Frameworks */,
				F20057C02261969C00BC264F /* Resources */,
			);
			buildRules = (
			);
			dependencies = (
			);
			name = color;
			productName = color;
			productReference = F20057C22261969C00BC264F /* color.app */;
			productType = "com.apple.product-type.application";
		};
		F20057D52261969E00BC264F /* colorTests */ = {
			isa = PBXNativeTarget;
			buildConfigurationList = F20057ED2261969E00BC264F /* Build configuration list for PBXNativeTarget "colorTests" */;
			buildPhases = (
				F20057D22261969E00BC264F /* Sources */,
				F20057D32261969E00BC264F /* Frameworks */,
				F20057D42261969E00BC264F /* Resources */,
			);
			buildRules = (
			);
			dependencies = (
				F20057D82261969E00BC264F /* PBXTargetDependency */,
			);
			name = colorTests;
			productName = colorTests;
			productReference = F20057D62261969E00BC264F /* colorTests.xctest */;
			productType = "com.apple.product-type.bundle.unit-test";
		};
		F20057E02261969E00BC264F /* colorUITests */ = {
			isa = PBXNativeTarget;
			buildConfigurationList = F20057F02261969E00BC264F /* Build configuration list for PBXNativeTarget "colorUITests" */;
			buildPhases = (
				F20057DD2261969E00BC264F /* Sources */,
				F20057DE2261969E00BC264F /* Frameworks */,
				F20057DF2261969E00BC264F /* Resources */,
			);
			buildRules = (
			);
			dependencies = (
				F20057E32261969E00BC264F /* PBXTargetDependency */,
			);
			name = colorUITests;
			productName = colorUITests;
			productReference = F20057E12261969E00BC264F /* colorUITests.xctest */;
			productType = "com.apple.product-type.bundle.ui-testing";
		};
/* End PBXNativeTarget section */

/* Begin PBXProject section */
		F20057BA2261969C00BC264F /* Project object */ = {
			isa = PBXProject;
			attributes = {
				LastSwiftUpdateCheck = 1010;
				LastUpgradeCheck = 1010;
				ORGANIZATIONNAME = "Cherie Li";
				TargetAttributes = {
					F20057C12261969C00BC264F = {
						CreatedOnToolsVersion = 10.1;
					};
					F20057D52261969E00BC264F = {
						CreatedOnToolsVersion = 10.1;
						TestTargetID = F20057C12261969C00BC264F;
					};
					F20057E02261969E00BC264F = {
						CreatedOnToolsVersion = 10.1;
						TestTargetID = F20057C12261969C00BC264F;
					};
				};
			};
			buildConfigurationList = F20057BD2261969C00BC264F /* Build configuration list for PBXProject "color" */;
			compatibilityVersion = "Xcode 9.3";
			developmentRegion = en;
			hasScannedForEncodings = 0;
			knownRegions = (
				en,
				Base,
			);
			mainGroup = F20057B92261969C00BC264F;
			productRefGroup = F20057C32261969C00BC264F /* Products */;
			projectDirPath = "";
			projectRoot = "";
			targets = (
				F20057C12261969C00BC264F /* color */,
				F20057D52261969E00BC264F /* colorTests */,
				F20057E02261969E00BC264F /* colorUITests */,
			);
		};
/* End PBXProject section */

/* Begin PBXResourcesBuildPhase section */
		F20057C02261969C00BC264F /* Resources */ = {
			isa = PBXResourcesBuildPhase;
			buildActionMask = 2147483647;
			files = (
				F20057D02261969E00BC264F /* LaunchScreen.storyboard in Resources */,
				F20057CD2261969E00BC264F /* Assets.xcassets in Resources */,
				F20057CB2261969C00BC264F /* Main.storyboard in Resources */,
			);
			runOnlyForDeploymentPostprocessing = 0;
		};
		F20057D42261969E00BC264F /* Resources */ = {
			isa = PBXResourcesBuildPhase;
			buildActionMask = 2147483647;
			files = (
			);
			runOnlyForDeploymentPostprocessing = 0;
		};
		F20057DF2261969E00BC264F /* Resources */ = {
			isa = PBXResourcesBuildPhase;
			buildActionMask = 2147483647;
			files = (
			);
			runOnlyForDeploymentPostprocessing = 0;
		};
/* End PBXResourcesBuildPhase section */

/* Begin PBXSourcesBuildPhase section */
		F20057BE2261969C00BC264F /* Sources */ = {
			isa = PBXSourcesBuildPhase;
			buildActionMask = 2147483647;
			files = (
				F20057C82261969C00BC264F /* ViewController.swift in Sources */,
				F20057C62261969C00BC264F /* AppDelegate.swift in Sources */,
			);
			runOnlyForDeploymentPostprocessing = 0;
		};
		F20057D22261969E00BC264F /* Sources */ = {
			isa = PBXSourcesBuildPhase;
			buildActionMask = 2147483647;
			files = (
				F20057DB2261969E00BC264F /* colorTests.swift in Sources */,
			);
			runOnlyForDeploymentPostprocessing = 0;
		};
		F20057DD2261969E00BC264F /* Sources */ = {
			isa = PBXSourcesBuildPhase;
			buildActionMask = 2147483647;
			files = (
				F20057E62261969E00BC264F /* colorUITests.swift in Sources */,
			);
			runOnlyForDeploymentPostprocessing = 0;
		};
/* End PBXSourcesBuildPhase section */

/* Begin PBXTargetDependency section */
		F20057D82261969E00BC264F /* PBXTargetDependency */ = {
			isa = PBXTargetDependency;
			target = F20057C12261969C00BC264F /* color */;
			targetProxy = F20057D72261969E00BC264F /* PBXContainerItemProxy */;
		};
		F20057E32261969E00BC264F /* PBXTargetDependency */ = {
			isa = PBXTargetDependency;
			target = F20057C12261969C00BC264F /* color */;
			targetProxy = F20057E22261969E00BC264F /* PBXContainerItemProxy */;
		};
/* End PBXTargetDependency section */

/* Begin PBXVariantGroup section */
		F20057C92261969C00BC264F /* Main.storyboard */ = {
			isa = PBXVariantGroup;
			children = (
				F20057CA2261969C00BC264F /* Base */,
			);
			name = Main.storyboard;
			sourceTree = "<group>";
		};
		F20057CE2261969E00BC264F /* LaunchScreen.storyboard */ = {
			isa = PBXVariantGroup;
			children = (
				F20057CF2261969E00BC264F /* Base */,
			);
			name = LaunchScreen.storyboard;
			sourceTree = "<group>";
		};
/* End PBXVariantGroup section */

/* Begin XCBuildConfiguration section */
		F20057E82261969E00BC264F /* Debug */ = {
			isa = XCBuildConfiguration;
			buildSettings = {
				ALWAYS_SEARCH_USER_PATHS = NO;
				CLANG_ANALYZER_NONNULL = YES;
				CLANG_ANALYZER_NUMBER_OBJECT_CONVERSION = YES_AGGRESSIVE;
				CLANG_CXX_LANGUAGE_STANDARD = "gnu++14";
				CLANG_CXX_LIBRARY = "libc++";
				CLANG_ENABLE_MODULES = YES;
				CLANG_ENABLE_OBJC_ARC = YES;
				CLANG_ENABLE_OBJC_WEAK = YES;
				CLANG_WARN_BLOCK_CAPTURE_AUTORELEASING = YES;
				CLANG_WARN_BOOL_CONVERSION = YES;
				CLANG_WARN_COMMA = YES;
				CLANG_WARN_CONSTANT_CONVERSION = YES;
				CLANG_WARN_DEPRECATED_OBJC_IMPLEMENTATIONS = YES;
				CLANG_WARN_DIRECT_OBJC_ISA_USAGE = YES_ERROR;
				CLANG_WARN_DOCUMENTATION_COMMENTS = YES;
				CLANG_WARN_EMPTY_BODY = YES;
				CLANG_WARN_ENUM_CONVERSION = YES;
				CLANG_WARN_INFINITE_RECURSION = YES;
				CLANG_WARN_INT_CONVERSION = YES;
				CLANG_WARN_NON_LITERAL_NULL_CONVERSION = YES;
				CLANG_WARN_OBJC_IMPLICIT_RETAIN_SELF = YES;
				CLANG_WARN_OBJC_LITERAL_CONVERSION = YES;
				CLANG_WARN_OBJC_ROOT_CLASS = YES_ERROR;
				CLANG_WARN_RANGE_LOOP_ANALYSIS = YES;
				CLANG_WARN_STRICT_PROTOTYPES = YES;
				CLANG_WARN_SUSPICIOUS_MOVE = YES;
				CLANG_WARN_UNGUARDED_AVAILABILITY = YES_AGGRESSIVE;
				CLANG_WARN_UNREACHABLE_CODE = YES;
				CLANG_WARN__DUPLICATE_METHOD_MATCH = YES;
				CODE_SIGN_IDENTITY = "iPhone Developer";
				COPY_PHASE_STRIP = NO;
				DEBUG_INFORMATION_FORMAT = dwarf;
				ENABLE_STRICT_OBJC_MSGSEND = YES;
				ENABLE_TESTABILITY = YES;
				GCC_C_LANGUAGE_STANDARD = gnu11;
				GCC_DYNAMIC_NO_PIC = NO;
				GCC_NO_COMMON_BLOCKS = YES;
				GCC_OPTIMIZATION_LEVEL = 0;
				GCC_PREPROCESSOR_DEFINITIONS = (
					"DEBUG=1",
					"$(inherited)",
				);
				GCC_WARN_64_TO_32_BIT_CONVERSION = YES;
				GCC_WARN_ABOUT_RETURN_TYPE = YES_ERROR;
				GCC_WARN_UNDECLARED_SELECTOR = YES;
				GCC_WARN_UNINITIALIZED_AUTOS = YES_AGGRESSIVE;
				GCC_WARN_UNUSED_FUNCTION = YES;
				GCC_WARN_UNUSED_VARIABLE = YES;
				IPHONEOS_DEPLOYMENT_TARGET = 12.1;
				MTL_ENABLE_DEBUG_INFO = INCLUDE_SOURCE;
				MTL_FAST_MATH = YES;
				ONLY_ACTIVE_ARCH = YES;
				SDKROOT = iphoneos;
				SWIFT_ACTIVE_COMPILATION_CONDITIONS = DEBUG;
				SWIFT_OPTIMIZATION_LEVEL = "-Onone";
			};
			name = Debug;
		};
		F20057E92261969E00BC264F /* Release */ = {
			isa = XCBuildConfiguration;
			buildSettings = {
				ALWAYS_SEARCH_USER_PATHS = NO;
				CLANG_ANALYZER_NONNULL = YES;
				CLANG_ANALYZER_NUMBER_OBJECT_CONVERSION = YES_AGGRESSIVE;
				CLANG_CXX_LANGUAGE_STANDARD = "gnu++14";
				CLANG_CXX_LIBRARY = "libc++";
				CLANG_ENABLE_MODULES = YES;
				CLANG_ENABLE_OBJC_ARC = YES;
				CLANG_ENABLE_OBJC_WEAK = YES;
				CLANG_WARN_BLOCK_CAPTURE_AUTORELEASING = YES;
				CLANG_WARN_BOOL_CONVERSION = YES;
				CLANG_WARN_COMMA = YES;
				CLANG_WARN_CONSTANT_CONVERSION = YES;
				CLANG_WARN_DEPRECATED_OBJC_IMPLEMENTATIONS = YES;
				CLANG_WARN_DIRECT_OBJC_ISA_USAGE = YES_ERROR;
				CLANG_WARN_DOCUMENTATION_COMMENTS = YES;
				CLANG_WARN_EMPTY_BODY = YES;
				CLANG_WARN_ENUM_CONVERSION = YES;
				CLANG_WARN_INFINITE_RECURSION = YES;
				CLANG_WARN_INT_CONVERSION = YES;
				CLANG_WARN_NON_LITERAL_NULL_CONVERSION = YES;
				CLANG_WARN_OBJC_IMPLICIT_RETAIN_SELF = YES;
				CLANG_WARN_OBJC_LITERAL_CONVERSION = YES;
				CLANG_WARN_OBJC_ROOT_CLASS = YES_ERROR;
				CLANG_WARN_RANGE_LOOP_ANALYSIS = YES;
				CLANG_WARN_STRICT_PROTOTYPES = YES;
				CLANG_WARN_SUSPICIOUS_MOVE = YES;
				CLANG_WARN_UNGUARDED_AVAILABILITY = YES_AGGRESSIVE;
				CLANG_WARN_UNREACHABLE_CODE = YES;
				CLANG_WARN__DUPLICATE_METHOD_MATCH = YES;
				CODE_SIGN_IDENTITY = "iPhone Developer";
				COPY_PHASE_STRIP = NO;
				DEBUG_INFORMATION_FORMAT = "dwarf-with-dsym";
				ENABLE_NS_ASSERTIONS = NO;
				ENABLE_STRICT_OBJC_MSGSEND = YES;
				GCC_C_LANGUAGE_STANDARD = gnu11;
				GCC_NO_COMMON_BLOCKS = YES;
				GCC_WARN_64_TO_32_BIT_CONVERSION = YES;
				GCC_WARN_ABOUT_RETURN_TYPE = YES_ERROR;
				GCC_WARN_UNDECLARED_SELECTOR = YES;
				GCC_WARN_UNINITIALIZED_AUTOS = YES_AGGRESSIVE;
				GCC_WARN_UNUSED_FUNCTION = YES;
				GCC_WARN_UNUSED_VARIABLE = YES;
				IPHONEOS_DEPLOYMENT_TARGET = 12.1;
				MTL_ENABLE_DEBUG_INFO = NO;
				MTL_FAST_MATH = YES;
				SDKROOT = iphoneos;
				SWIFT_COMPILATION_MODE = wholemodule;
				SWIFT_OPTIMIZATION_LEVEL = "-O";
				VALIDATE_PRODUCT = YES;
			};
			name = Release;
		};
		F20057EB2261969E00BC264F /* Debug */ = {
			isa = XCBuildConfiguration;
			buildSettings = {
				ASSETCATALOG_COMPILER_APPICON_NAME = AppIcon;
				CODE_SIGN_STYLE = Automatic;
				DEVELOPMENT_TEAM = VUM75NH4WT;
				INFOPLIST_FILE = color/Info.plist;
				LD_RUNPATH_SEARCH_PATHS = (
					"$(inherited)",
					"@executable_path/Frameworks",
				);
				PRODUCT_BUNDLE_IDENTIFIER = Cherie.color;
				PRODUCT_NAME = "$(TARGET_NAME)";
				SWIFT_VERSION = 4.2;
				TARGETED_DEVICE_FAMILY = "1,2";
			};
			name = Debug;
		};
		F20057EC2261969E00BC264F /* Release */ = {
			isa = XCBuildConfiguration;
			buildSettings = {
				ASSETCATALOG_COMPILER_APPICON_NAME = AppIcon;
				CODE_SIGN_STYLE = Automatic;
				DEVELOPMENT_TEAM = VUM75NH4WT;
				INFOPLIST_FILE = color/Info.plist;
				LD_RUNPATH_SEARCH_PATHS = (
					"$(inherited)",
					"@executable_path/Frameworks",
				);
				PRODUCT_BUNDLE_IDENTIFIER = Cherie.color;
				PRODUCT_NAME = "$(TARGET_NAME)";
				SWIFT_VERSION = 4.2;
				TARGETED_DEVICE_FAMILY = "1,2";
			};
			name = Release;
		};
		F20057EE2261969E00BC264F /* Debug */ = {
			isa = XCBuildConfiguration;
			buildSettings = {
				ALWAYS_EMBED_SWIFT_STANDARD_LIBRARIES = YES;
				BUNDLE_LOADER = "$(TEST_HOST)";
				CODE_SIGN_STYLE = Automatic;
				DEVELOPMENT_TEAM = VUM75NH4WT;
				INFOPLIST_FILE = colorTests/Info.plist;
				LD_RUNPATH_SEARCH_PATHS = (
					"$(inherited)",
					"@executable_path/Frameworks",
					"@loader_path/Frameworks",
				);
				PRODUCT_BUNDLE_IDENTIFIER = Cherie.colorTests;
				PRODUCT_NAME = "$(TARGET_NAME)";
				SWIFT_VERSION = 4.2;
				TARGETED_DEVICE_FAMILY = "1,2";
				TEST_HOST = "$(BUILT_PRODUCTS_DIR)/color.app/color";
			};
			name = Debug;
		};
		F20057EF2261969E00BC264F /* Release */ = {
			isa = XCBuildConfiguration;
			buildSettings = {
				ALWAYS_EMBED_SWIFT_STANDARD_LIBRARIES = YES;
				BUNDLE_LOADER = "$(TEST_HOST)";
				CODE_SIGN_STYLE = Automatic;
				DEVELOPMENT_TEAM = VUM75NH4WT;
				INFOPLIST_FILE = colorTests/Info.plist;
				LD_RUNPATH_SEARCH_PATHS = (
					"$(inherited)",
					"@executable_path/Frameworks",
					"@loader_path/Frameworks",
				);
				PRODUCT_BUNDLE_IDENTIFIER = Cherie.colorTests;
				PRODUCT_NAME = "$(TARGET_NAME)";
				SWIFT_VERSION = 4.2;
				TARGETED_DEVICE_FAMILY = "1,2";
				TEST_HOST = "$(BUILT_PRODUCTS_DIR)/color.app/color";
			};
			name = Release;
		};
		F20057F12261969E00BC264F /* Debug */ = {
			isa = XCBuildConfiguration;
			buildSettings = {
				ALWAYS_EMBED_SWIFT_STANDARD_LIBRARIES = YES;
				CODE_SIGN_STYLE = Automatic;
				DEVELOPMENT_TEAM = VUM75NH4WT;
				INFOPLIST_FILE = colorUITests/Info.plist;
				LD_RUNPATH_SEARCH_PATHS = (
					"$(inherited)",
					"@executable_path/Frameworks",
					"@loader_path/Frameworks",
				);
				PRODUCT_BUNDLE_IDENTIFIER = Cherie.colorUITests;
				PRODUCT_NAME = "$(TARGET_NAME)";
				SWIFT_VERSION = 4.2;
				TARGETED_DEVICE_FAMILY = "1,2";
				TEST_TARGET_NAME = color;
			};
			name = Debug;
		};
		F20057F22261969E00BC264F /* Release */ = {
			isa = XCBuildConfiguration;
			buildSettings = {
				ALWAYS_EMBED_SWIFT_STANDARD_LIBRARIES = YES;
				CODE_SIGN_STYLE = Automatic;
				DEVELOPMENT_TEAM = VUM75NH4WT;
				INFOPLIST_FILE = colorUITests/Info.plist;
				LD_RUNPATH_SEARCH_PATHS = (
					"$(inherited)",
					"@executable_path/Frameworks",
					"@loader_path/Frameworks",
				);
				PRODUCT_BUNDLE_IDENTIFIER = Cherie.colorUITests;
				PRODUCT_NAME = "$(TARGET_NAME)";
				SWIFT_VERSION = 4.2;
				TARGETED_DEVICE_FAMILY = "1,2";
				TEST_TARGET_NAME = color;
			};
			name = Release;
		};
/* End XCBuildConfiguration section */

/* Begin XCConfigurationList section */
		F20057BD2261969C00BC264F /* Build configuration list for PBXProject "color" */ = {
			isa = XCConfigurationList;
			buildConfigurations = (
				F20057E82261969E00BC264F /* Debug */,
				F20057E92261969E00BC264F /* Release */,
			);
			defaultConfigurationIsVisible = 0;
			defaultConfigurationName = Release;
		};
		F20057EA2261969E00BC264F /* Build configuration list for PBXNativeTarget "color" */ = {
			isa = XCConfigurationList;
			buildConfigurations = (
				F20057EB2261969E00BC264F /* Debug */,
				F20057EC2261969E00BC264F /* Release */,
			);
			defaultConfigurationIsVisible = 0;
			defaultConfigurationName = Release;
		};
		F20057ED2261969E00BC264F /* Build configuration list for PBXNativeTarget "colorTests" */ = {
			isa = XCConfigurationList;
			buildConfigurations = (
				F20057EE2261969E00BC264F /* Debug */,
				F20057EF2261969E00BC264F /* Release */,
			);
			defaultConfigurationIsVisible = 0;
			defaultConfigurationName = Release;
		};
		F20057F02261969E00BC264F /* Build configuration list for PBXNativeTarget "colorUITests" */ = {
			isa = XCConfigurationList;
			buildConfigurations = (
				F20057F12261969E00BC264F /* Debug */,
				F20057F22261969E00BC264F /* Release */,
			);
			defaultConfigurationIsVisible = 0;
			defaultConfigurationName = Release;
		};
/* End XCConfigurationList section */
	};
	rootObject = F20057BA2261969C00BC264F /* Project object */;
}
